
Microsoft Visual Studio Solution File, Format Version 12.00
# Visual Studio Version 16
VisualStudioVersion = 16.0.30804.86
MinimumVisualStudioVersion = 10.0.40219.1
Project("{FAE04EC0-301F-11D3-BF4B-00C04F79EFBC}") = "Snake Final Project", "Snake Final Project\Snake Final Project.csproj", "{D329D04F-9881-4E8E-843D-A7E3B3E409B8}"
EndProject
Global
	GlobalSection(SolutionConfigurationPlatforms) = preSolution
		Debug|Any CPU = Debug|Any CPU
		Release|Any CPU = Release|Any CPU
	EndGlobalSection
	GlobalSection(ProjectConfigurationPlatforms) = postSolution
		{D329D04F-9881-4E8E-843D-A7E3B3E409B8}.Debug|Any CPU.ActiveCfg = Debug|Any CPU
		{D329D04F-9881-4E8E-843D-A7E3B3E409B8}.Debug|Any CPU.Build.0 = Debug|Any CPU
		{D329D04F-9881-4E8E-843D-A7E3B3E409B8}.Release|Any CPU.ActiveCfg = Release|Any CPU
		{D329D04F-9881-4E8E-843D-A7E3B3E409B8}.Release|Any CPU.Build.0 = Release|Any CPU
	EndGlobalSection
	GlobalSection(SolutionProperties) = preSolution
		HideSolutionNode = FALSE
	EndGlobalSection
	GlobalSection(ExtensibilityGlobals) = postSolution
		SolutionGuid = {F3959ADA-28B8-45FC-9DD1-18F64E27F090}
	EndGlobalSection
EndGlobal
